// !$*UTF8*$!
{
	archiveVersion = 1;
	classes = {
	};
	objectVersion = 56;
	objects = {

/* Begin PBXBuildFile section */
		322270C52D00CA670004572B /* UserTableView.swift in Sources */ = {isa = PBXBuildFile; fileRef = 322270C42D00CA670004572B /* UserTableView.swift */; };
		322270C72D00CA740004572B /* UserTableViewController.swift in Sources */ = {isa = PBXBuildFile; fileRef = 322270C62D00CA740004572B /* UserTableViewController.swift */; };
		322270C92D00CA8B0004572B /* UserTableViewCell.swift in Sources */ = {isa = PBXBuildFile; fileRef = 322270C82D00CA8B0004572B /* UserTableViewCell.swift */; };
		322270CD2D00CACE0004572B /* UserTableViewManager.swift in Sources */ = {isa = PBXBuildFile; fileRef = 322270CC2D00CAC40004572B /* UserTableViewManager.swift */; };
		32D0D0AA2CFF81E700FC9D25 /* ProfileEditViewController.swift in Sources */ = {isa = PBXBuildFile; fileRef = 32D0D0A92CFF81E700FC9D25 /* ProfileEditViewController.swift */; };
		32D0D0AC2CFF81F400FC9D25 /* ProfileEditView.swift in Sources */ = {isa = PBXBuildFile; fileRef = 32D0D0AB2CFF81F400FC9D25 /* ProfileEditView.swift */; };
		32D0D1042CFFA3B700FC9D25 /* ImagePickerManager.swift in Sources */ = {isa = PBXBuildFile; fileRef = 32D0D1032CFFA3B300FC9D25 /* ImagePickerManager.swift */; };
		32D0D1302CFFADA900FC9D25 /* ImageViewUtils.swift in Sources */ = {isa = PBXBuildFile; fileRef = 32D0D12F2CFFADA100FC9D25 /* ImageViewUtils.swift */; };
		32E7EA522CFA9DD10000479A /* ChatView.swift in Sources */ = {isa = PBXBuildFile; fileRef = 32E7EA4A2CFA9DD10000479A /* ChatView.swift */; };
		32E7EA532CFA9DD10000479A /* SenderTableViewCell.swift in Sources */ = {isa = PBXBuildFile; fileRef = 32E7EA4B2CFA9DD10000479A /* SenderTableViewCell.swift */; };
		32E7EA542CFA9DD10000479A /* ChatProgressIndicatorManager.swift in Sources */ = {isa = PBXBuildFile; fileRef = 32E7EA502CFA9DD10000479A /* ChatProgressIndicatorManager.swift */; };
		32E7EA552CFA9DD10000479A /* ChatTableViewManager.swift in Sources */ = {isa = PBXBuildFile; fileRef = 32E7EA4F2CFA9DD10000479A /* ChatTableViewManager.swift */; };
		32E7EA562CFA9DD10000479A /* ReceiverTableViewCell.swift in Sources */ = {isa = PBXBuildFile; fileRef = 32E7EA4C2CFA9DD10000479A /* ReceiverTableViewCell.swift */; };
		32E7EA572CFA9DD10000479A /* ChatViewController.swift in Sources */ = {isa = PBXBuildFile; fileRef = 32E7EA4E2CFA9DD10000479A /* ChatViewController.swift */; };
		32E7EA5E2CFA9DDA0000479A /* SearchTableViewCell.swift in Sources */ = {isa = PBXBuildFile; fileRef = 32E7EA592CFA9DDA0000479A /* SearchTableViewCell.swift */; };
		32E7EA5F2CFA9DDA0000479A /* NewMessageViewController.swift in Sources */ = {isa = PBXBuildFile; fileRef = 32E7EA5B2CFA9DDA0000479A /* NewMessageViewController.swift */; };
		32E7EA602CFA9DDA0000479A /* NewMessageTableViewManager.swift in Sources */ = {isa = PBXBuildFile; fileRef = 32E7EA5C2CFA9DDA0000479A /* NewMessageTableViewManager.swift */; };
		32E7EA612CFA9DDA0000479A /* NewMessageView.swift in Sources */ = {isa = PBXBuildFile; fileRef = 32E7EA582CFA9DDA0000479A /* NewMessageView.swift */; };
		32E7EA632CFA9DE00000479A /* Chat.swift in Sources */ = {isa = PBXBuildFile; fileRef = 32E7EA622CFA9DDF0000479A /* Chat.swift */; };
		32E7EA652CFA9DE30000479A /* Message.swift in Sources */ = {isa = PBXBuildFile; fileRef = 32E7EA642CFA9DE30000479A /* Message.swift */; };
		32E7EA682CFA9ED80000479A /* ChatTableViewCell.swift in Sources */ = {isa = PBXBuildFile; fileRef = 32E7EA672CFA9ED80000479A /* ChatTableViewCell.swift */; };
		32E7EA6C2CFA9FDD0000479A /* Configs.swift in Sources */ = {isa = PBXBuildFile; fileRef = 32E7EA6B2CFA9FDA0000479A /* Configs.swift */; };
		32E7EA6E2CFAA0370000479A /* ChatListView.swift in Sources */ = {isa = PBXBuildFile; fileRef = 32E7EA6D2CFAA0370000479A /* ChatListView.swift */; };
		32E7EA702CFAA0B20000479A /* ChatListViewController.swift in Sources */ = {isa = PBXBuildFile; fileRef = 32E7EA6F2CFAA0B20000479A /* ChatListViewController.swift */; };
		32E7EA722CFAA32A0000479A /* ChatListTableViewManager.swift in Sources */ = {isa = PBXBuildFile; fileRef = 32E7EA712CFAA3240000479A /* ChatListTableViewManager.swift */; };
		605E97912CDABD65006C5D6E /* ViewController.swift in Sources */ = {isa = PBXBuildFile; fileRef = 605E97902CDABD65006C5D6E /* ViewController.swift */; };
		605E979A2CDABDD6006C5D6E /* LoginViewController.swift in Sources */ = {isa = PBXBuildFile; fileRef = 605E97992CDABDD6006C5D6E /* LoginViewController.swift */; };
		605E979C2CDABDE6006C5D6E /* LoginView.swift in Sources */ = {isa = PBXBuildFile; fileRef = 605E979B2CDABDE6006C5D6E /* LoginView.swift */; };
		605E979F2CDAE677006C5D6E /* FirebaseAuth in Frameworks */ = {isa = PBXBuildFile; productRef = 605E979E2CDAE677006C5D6E /* FirebaseAuth */; };
		605E97A12CDAE677006C5D6E /* FirebaseFirestore in Frameworks */ = {isa = PBXBuildFile; productRef = 605E97A02CDAE677006C5D6E /* FirebaseFirestore */; };
		605E97A32CDAE677006C5D6E /* FirebaseStorage in Frameworks */ = {isa = PBXBuildFile; productRef = 605E97A22CDAE677006C5D6E /* FirebaseStorage */; };
		605E97A52CDAE724006C5D6E /* MainScreenView.swift in Sources */ = {isa = PBXBuildFile; fileRef = 605E97A42CDAE724006C5D6E /* MainScreenView.swift */; };
		605E97A82CDAE7C3006C5D6E /* RegisterView.swift in Sources */ = {isa = PBXBuildFile; fileRef = 605E97A72CDAE7C3006C5D6E /* RegisterView.swift */; };
		605E97AA2CDAE7D1006C5D6E /* RegisterViewController.swift in Sources */ = {isa = PBXBuildFile; fileRef = 605E97A92CDAE7D1006C5D6E /* RegisterViewController.swift */; };
		605E97AD2CDAE827006C5D6E /* ProgressSpinnerViewController.swift in Sources */ = {isa = PBXBuildFile; fileRef = 605E97AC2CDAE827006C5D6E /* ProgressSpinnerViewController.swift */; };
		605E97AF2CDAE837006C5D6E /* ProgressSpinnerDelegate.swift in Sources */ = {isa = PBXBuildFile; fileRef = 605E97AE2CDAE837006C5D6E /* ProgressSpinnerDelegate.swift */; };
		605E97B32CDAEA7B006C5D6E /* GoogleService-Info.plist in Resources */ = {isa = PBXBuildFile; fileRef = 605E97B22CDAEA7B006C5D6E /* GoogleService-Info.plist */; };
		60A4DAFE2CDBFC87007A897E /* ProfileViewController.swift in Sources */ = {isa = PBXBuildFile; fileRef = 60A4DAFD2CDBFC87007A897E /* ProfileViewController.swift */; };
		60A4DB002CDBFCA2007A897E /* ProfileView.swift in Sources */ = {isa = PBXBuildFile; fileRef = 60A4DAFF2CDBFCA2007A897E /* ProfileView.swift */; };
		60A4DB0D2CDC0C7C007A897E /* MainScreenViewController.swift in Sources */ = {isa = PBXBuildFile; fileRef = 60A4DB0C2CDC0C7C007A897E /* MainScreenViewController.swift */; };
		60A4DB102CED2EF7007A897E /* NewEventViewController.swift in Sources */ = {isa = PBXBuildFile; fileRef = 60A4DB0F2CED2EF7007A897E /* NewEventViewController.swift */; };
		60A4DB122CED2F05007A897E /* NewEventView.swift in Sources */ = {isa = PBXBuildFile; fileRef = 60A4DB112CED2F05007A897E /* NewEventView.swift */; };
		60A4DB152CED30B0007A897E /* Event.swift in Sources */ = {isa = PBXBuildFile; fileRef = 60A4DB142CED30B0007A897E /* Event.swift */; };
		60A4DB1C2CF290D8007A897E /* TableViewEventCell.swift in Sources */ = {isa = PBXBuildFile; fileRef = 60A4DB1B2CF290D8007A897E /* TableViewEventCell.swift */; };
		60A4DB1E2CF29776007A897E /* NotificationNames.swift in Sources */ = {isa = PBXBuildFile; fileRef = 60A4DB1D2CF29776007A897E /* NotificationNames.swift */; };
		60A4DB212CF2E39A007A897E /* EventDetailsView.swift in Sources */ = {isa = PBXBuildFile; fileRef = 60A4DB202CF2E39A007A897E /* EventDetailsView.swift */; };
		60A4DB242CF2E3C6007A897E /* EventDetailsViewController.swift in Sources */ = {isa = PBXBuildFile; fileRef = 60A4DB232CF2E3C6007A897E /* EventDetailsViewController.swift */; };
		60A4DB262CF2FD0C007A897E /* User.swift in Sources */ = {isa = PBXBuildFile; fileRef = 60A4DB252CF2FD0C007A897E /* User.swift */; };
		60A4DB292D020152007A897E /* EventParticipantsViewController.swift in Sources */ = {isa = PBXBuildFile; fileRef = 60A4DB282D020152007A897E /* EventParticipantsViewController.swift */; };
		60A4DB2B2D020161007A897E /* EventParticipantsView.swift in Sources */ = {isa = PBXBuildFile; fileRef = 60A4DB2A2D020161007A897E /* EventParticipantsView.swift */; };
		60A4DB2E2D0202DF007A897E /* ParticipantTableViewCell.swift in Sources */ = {isa = PBXBuildFile; fileRef = 60A4DB2D2D0202DF007A897E /* ParticipantTableViewCell.swift */; };
		60A4DB312D04BFD8007A897E /* MapView.swift in Sources */ = {isa = PBXBuildFile; fileRef = 60A4DB302D04BFD8007A897E /* MapView.swift */; };
		60A4DB332D04BFE8007A897E /* MapViewController.swift in Sources */ = {isa = PBXBuildFile; fileRef = 60A4DB322D04BFE8007A897E /* MapViewController.swift */; };
		60A4DB352D04C05D007A897E /* LocationManager.swift in Sources */ = {isa = PBXBuildFile; fileRef = 60A4DB342D04C05D007A897E /* LocationManager.swift */; };
		60A4DB372D04D0F8007A897E /* SearchViewController.swift in Sources */ = {isa = PBXBuildFile; fileRef = 60A4DB362D04D0F8007A897E /* SearchViewController.swift */; };
		60A4DB3A2D04D138007A897E /* SearchBottomSheet.swift in Sources */ = {isa = PBXBuildFile; fileRef = 60A4DB392D04D138007A897E /* SearchBottomSheet.swift */; };
		60A4DB3C2D04D15F007A897E /* MapSearchTableViewCell.swift in Sources */ = {isa = PBXBuildFile; fileRef = 60A4DB3B2D04D15F007A897E /* MapSearchTableViewCell.swift */; };
		60A4DB3E2D04D2D8007A897E /* LoadPlaces.swift in Sources */ = {isa = PBXBuildFile; fileRef = 60A4DB3D2D04D2D8007A897E /* LoadPlaces.swift */; };
		60A4DB422D04DA5B007A897E /* Place.swift in Sources */ = {isa = PBXBuildFile; fileRef = 60A4DB412D04DA5B007A897E /* Place.swift */; };
		60E187F42CC94EC800D4A616 /* AppDelegate.swift in Sources */ = {isa = PBXBuildFile; fileRef = 60E187F32CC94EC800D4A616 /* AppDelegate.swift */; };
		60E187F62CC94EC800D4A616 /* SceneDelegate.swift in Sources */ = {isa = PBXBuildFile; fileRef = 60E187F52CC94EC800D4A616 /* SceneDelegate.swift */; };
		60E187FB2CC94EC800D4A616 /* Base in Resources */ = {isa = PBXBuildFile; fileRef = 60E187FA2CC94EC800D4A616 /* Base */; };
		60E187FD2CC94EC900D4A616 /* Assets.xcassets in Resources */ = {isa = PBXBuildFile; fileRef = 60E187FC2CC94EC900D4A616 /* Assets.xcassets */; };
		60E188002CC94EC900D4A616 /* Base in Resources */ = {isa = PBXBuildFile; fileRef = 60E187FF2CC94EC900D4A616 /* Base */; };
/* End PBXBuildFile section */

/* Begin PBXFileReference section */
		322270C42D00CA670004572B /* UserTableView.swift */ = {isa = PBXFileReference; lastKnownFileType = sourcecode.swift; path = UserTableView.swift; sourceTree = "<group>"; };
		322270C62D00CA740004572B /* UserTableViewController.swift */ = {isa = PBXFileReference; lastKnownFileType = sourcecode.swift; path = UserTableViewController.swift; sourceTree = "<group>"; };
		322270C82D00CA8B0004572B /* UserTableViewCell.swift */ = {isa = PBXFileReference; lastKnownFileType = sourcecode.swift; path = UserTableViewCell.swift; sourceTree = "<group>"; };
		322270CC2D00CAC40004572B /* UserTableViewManager.swift */ = {isa = PBXFileReference; lastKnownFileType = sourcecode.swift; path = UserTableViewManager.swift; sourceTree = "<group>"; };
		32D0D0A92CFF81E700FC9D25 /* ProfileEditViewController.swift */ = {isa = PBXFileReference; lastKnownFileType = sourcecode.swift; path = ProfileEditViewController.swift; sourceTree = "<group>"; };
		32D0D0AB2CFF81F400FC9D25 /* ProfileEditView.swift */ = {isa = PBXFileReference; lastKnownFileType = sourcecode.swift; path = ProfileEditView.swift; sourceTree = "<group>"; };
		32D0D1032CFFA3B300FC9D25 /* ImagePickerManager.swift */ = {isa = PBXFileReference; lastKnownFileType = sourcecode.swift; path = ImagePickerManager.swift; sourceTree = "<group>"; };
		32D0D12F2CFFADA100FC9D25 /* ImageViewUtils.swift */ = {isa = PBXFileReference; lastKnownFileType = sourcecode.swift; path = ImageViewUtils.swift; sourceTree = "<group>"; };
		32E7EA4A2CFA9DD10000479A /* ChatView.swift */ = {isa = PBXFileReference; lastKnownFileType = sourcecode.swift; path = ChatView.swift; sourceTree = "<group>"; };
		32E7EA4B2CFA9DD10000479A /* SenderTableViewCell.swift */ = {isa = PBXFileReference; lastKnownFileType = sourcecode.swift; path = SenderTableViewCell.swift; sourceTree = "<group>"; };
		32E7EA4C2CFA9DD10000479A /* ReceiverTableViewCell.swift */ = {isa = PBXFileReference; lastKnownFileType = sourcecode.swift; path = ReceiverTableViewCell.swift; sourceTree = "<group>"; };
		32E7EA4E2CFA9DD10000479A /* ChatViewController.swift */ = {isa = PBXFileReference; lastKnownFileType = sourcecode.swift; path = ChatViewController.swift; sourceTree = "<group>"; };
		32E7EA4F2CFA9DD10000479A /* ChatTableViewManager.swift */ = {isa = PBXFileReference; lastKnownFileType = sourcecode.swift; path = ChatTableViewManager.swift; sourceTree = "<group>"; };
		32E7EA502CFA9DD10000479A /* ChatProgressIndicatorManager.swift */ = {isa = PBXFileReference; lastKnownFileType = sourcecode.swift; path = ChatProgressIndicatorManager.swift; sourceTree = "<group>"; };
		32E7EA582CFA9DDA0000479A /* NewMessageView.swift */ = {isa = PBXFileReference; lastKnownFileType = sourcecode.swift; path = NewMessageView.swift; sourceTree = "<group>"; };
		32E7EA592CFA9DDA0000479A /* SearchTableViewCell.swift */ = {isa = PBXFileReference; lastKnownFileType = sourcecode.swift; path = SearchTableViewCell.swift; sourceTree = "<group>"; };
		32E7EA5B2CFA9DDA0000479A /* NewMessageViewController.swift */ = {isa = PBXFileReference; lastKnownFileType = sourcecode.swift; path = NewMessageViewController.swift; sourceTree = "<group>"; };
		32E7EA5C2CFA9DDA0000479A /* NewMessageTableViewManager.swift */ = {isa = PBXFileReference; lastKnownFileType = sourcecode.swift; path = NewMessageTableViewManager.swift; sourceTree = "<group>"; };
		32E7EA622CFA9DDF0000479A /* Chat.swift */ = {isa = PBXFileReference; lastKnownFileType = sourcecode.swift; path = Chat.swift; sourceTree = "<group>"; };
		32E7EA642CFA9DE30000479A /* Message.swift */ = {isa = PBXFileReference; lastKnownFileType = sourcecode.swift; path = Message.swift; sourceTree = "<group>"; };
		32E7EA672CFA9ED80000479A /* ChatTableViewCell.swift */ = {isa = PBXFileReference; lastKnownFileType = sourcecode.swift; path = ChatTableViewCell.swift; sourceTree = "<group>"; };
		32E7EA6B2CFA9FDA0000479A /* Configs.swift */ = {isa = PBXFileReference; lastKnownFileType = sourcecode.swift; path = Configs.swift; sourceTree = "<group>"; };
		32E7EA6D2CFAA0370000479A /* ChatListView.swift */ = {isa = PBXFileReference; lastKnownFileType = sourcecode.swift; path = ChatListView.swift; sourceTree = "<group>"; };
		32E7EA6F2CFAA0B20000479A /* ChatListViewController.swift */ = {isa = PBXFileReference; lastKnownFileType = sourcecode.swift; path = ChatListViewController.swift; sourceTree = "<group>"; };
		32E7EA712CFAA3240000479A /* ChatListTableViewManager.swift */ = {isa = PBXFileReference; lastKnownFileType = sourcecode.swift; path = ChatListTableViewManager.swift; sourceTree = "<group>"; };
		605E97902CDABD65006C5D6E /* ViewController.swift */ = {isa = PBXFileReference; fileEncoding = 4; lastKnownFileType = sourcecode.swift; path = ViewController.swift; sourceTree = "<group>"; };
		605E97992CDABDD6006C5D6E /* LoginViewController.swift */ = {isa = PBXFileReference; lastKnownFileType = sourcecode.swift; path = LoginViewController.swift; sourceTree = "<group>"; };
		605E979B2CDABDE6006C5D6E /* LoginView.swift */ = {isa = PBXFileReference; lastKnownFileType = sourcecode.swift; path = LoginView.swift; sourceTree = "<group>"; };
		605E97A42CDAE724006C5D6E /* MainScreenView.swift */ = {isa = PBXFileReference; lastKnownFileType = sourcecode.swift; path = MainScreenView.swift; sourceTree = "<group>"; };
		605E97A72CDAE7C3006C5D6E /* RegisterView.swift */ = {isa = PBXFileReference; lastKnownFileType = sourcecode.swift; path = RegisterView.swift; sourceTree = "<group>"; };
		605E97A92CDAE7D1006C5D6E /* RegisterViewController.swift */ = {isa = PBXFileReference; lastKnownFileType = sourcecode.swift; path = RegisterViewController.swift; sourceTree = "<group>"; };
		605E97AC2CDAE827006C5D6E /* ProgressSpinnerViewController.swift */ = {isa = PBXFileReference; lastKnownFileType = sourcecode.swift; path = ProgressSpinnerViewController.swift; sourceTree = "<group>"; };
		605E97AE2CDAE837006C5D6E /* ProgressSpinnerDelegate.swift */ = {isa = PBXFileReference; lastKnownFileType = sourcecode.swift; path = ProgressSpinnerDelegate.swift; sourceTree = "<group>"; };
		605E97B22CDAEA7B006C5D6E /* GoogleService-Info.plist */ = {isa = PBXFileReference; fileEncoding = 4; lastKnownFileType = text.plist.xml; path = "GoogleService-Info.plist"; sourceTree = "<group>"; };
		60A4DAFD2CDBFC87007A897E /* ProfileViewController.swift */ = {isa = PBXFileReference; lastKnownFileType = sourcecode.swift; path = ProfileViewController.swift; sourceTree = "<group>"; };
		60A4DAFF2CDBFCA2007A897E /* ProfileView.swift */ = {isa = PBXFileReference; lastKnownFileType = sourcecode.swift; path = ProfileView.swift; sourceTree = "<group>"; };
		60A4DB0C2CDC0C7C007A897E /* MainScreenViewController.swift */ = {isa = PBXFileReference; lastKnownFileType = sourcecode.swift; path = MainScreenViewController.swift; sourceTree = "<group>"; };
		60A4DB0F2CED2EF7007A897E /* NewEventViewController.swift */ = {isa = PBXFileReference; lastKnownFileType = sourcecode.swift; path = NewEventViewController.swift; sourceTree = "<group>"; };
		60A4DB112CED2F05007A897E /* NewEventView.swift */ = {isa = PBXFileReference; lastKnownFileType = sourcecode.swift; path = NewEventView.swift; sourceTree = "<group>"; };
		60A4DB142CED30B0007A897E /* Event.swift */ = {isa = PBXFileReference; lastKnownFileType = sourcecode.swift; path = Event.swift; sourceTree = "<group>"; };
		60A4DB1B2CF290D8007A897E /* TableViewEventCell.swift */ = {isa = PBXFileReference; lastKnownFileType = sourcecode.swift; path = TableViewEventCell.swift; sourceTree = "<group>"; };
		60A4DB1D2CF29776007A897E /* NotificationNames.swift */ = {isa = PBXFileReference; lastKnownFileType = sourcecode.swift; path = NotificationNames.swift; sourceTree = "<group>"; };
		60A4DB202CF2E39A007A897E /* EventDetailsView.swift */ = {isa = PBXFileReference; lastKnownFileType = sourcecode.swift; path = EventDetailsView.swift; sourceTree = "<group>"; };
		60A4DB232CF2E3C6007A897E /* EventDetailsViewController.swift */ = {isa = PBXFileReference; lastKnownFileType = sourcecode.swift; path = EventDetailsViewController.swift; sourceTree = "<group>"; };
		60A4DB252CF2FD0C007A897E /* User.swift */ = {isa = PBXFileReference; lastKnownFileType = sourcecode.swift; path = User.swift; sourceTree = "<group>"; };
		60A4DB282D020152007A897E /* EventParticipantsViewController.swift */ = {isa = PBXFileReference; lastKnownFileType = sourcecode.swift; path = EventParticipantsViewController.swift; sourceTree = "<group>"; };
		60A4DB2A2D020161007A897E /* EventParticipantsView.swift */ = {isa = PBXFileReference; lastKnownFileType = sourcecode.swift; path = EventParticipantsView.swift; sourceTree = "<group>"; };
		60A4DB2D2D0202DF007A897E /* ParticipantTableViewCell.swift */ = {isa = PBXFileReference; lastKnownFileType = sourcecode.swift; path = ParticipantTableViewCell.swift; sourceTree = "<group>"; };
		60A4DB302D04BFD8007A897E /* MapView.swift */ = {isa = PBXFileReference; lastKnownFileType = sourcecode.swift; path = MapView.swift; sourceTree = "<group>"; };
		60A4DB322D04BFE8007A897E /* MapViewController.swift */ = {isa = PBXFileReference; lastKnownFileType = sourcecode.swift; path = MapViewController.swift; sourceTree = "<group>"; };
		60A4DB342D04C05D007A897E /* LocationManager.swift */ = {isa = PBXFileReference; lastKnownFileType = sourcecode.swift; path = LocationManager.swift; sourceTree = "<group>"; };
		60A4DB362D04D0F8007A897E /* SearchViewController.swift */ = {isa = PBXFileReference; lastKnownFileType = sourcecode.swift; path = SearchViewController.swift; sourceTree = "<group>"; };
		60A4DB392D04D138007A897E /* SearchBottomSheet.swift */ = {isa = PBXFileReference; lastKnownFileType = sourcecode.swift; path = SearchBottomSheet.swift; sourceTree = "<group>"; };
		60A4DB3B2D04D15F007A897E /* MapSearchTableViewCell.swift */ = {isa = PBXFileReference; lastKnownFileType = sourcecode.swift; path = MapSearchTableViewCell.swift; sourceTree = "<group>"; };
		60A4DB3D2D04D2D8007A897E /* LoadPlaces.swift */ = {isa = PBXFileReference; lastKnownFileType = sourcecode.swift; path = LoadPlaces.swift; sourceTree = "<group>"; };
		60A4DB412D04DA5B007A897E /* Place.swift */ = {isa = PBXFileReference; lastKnownFileType = sourcecode.swift; path = Place.swift; sourceTree = "<group>"; };
		60E187F02CC94EC800D4A616 /* Sports Meetup App.app */ = {isa = PBXFileReference; explicitFileType = wrapper.application; includeInIndex = 0; path = "Sports Meetup App.app"; sourceTree = BUILT_PRODUCTS_DIR; };
		60E187F32CC94EC800D4A616 /* AppDelegate.swift */ = {isa = PBXFileReference; lastKnownFileType = sourcecode.swift; path = AppDelegate.swift; sourceTree = "<group>"; };
		60E187F52CC94EC800D4A616 /* SceneDelegate.swift */ = {isa = PBXFileReference; lastKnownFileType = sourcecode.swift; path = SceneDelegate.swift; sourceTree = "<group>"; };
		60E187FA2CC94EC800D4A616 /* Base */ = {isa = PBXFileReference; lastKnownFileType = file.storyboard; name = Base; path = Base.lproj/Main.storyboard; sourceTree = "<group>"; };
		60E187FC2CC94EC900D4A616 /* Assets.xcassets */ = {isa = PBXFileReference; lastKnownFileType = folder.assetcatalog; path = Assets.xcassets; sourceTree = "<group>"; };
		60E187FF2CC94EC900D4A616 /* Base */ = {isa = PBXFileReference; lastKnownFileType = file.storyboard; name = Base; path = Base.lproj/LaunchScreen.storyboard; sourceTree = "<group>"; };
		60E188012CC94EC900D4A616 /* Info.plist */ = {isa = PBXFileReference; lastKnownFileType = text.plist.xml; path = Info.plist; sourceTree = "<group>"; };
/* End PBXFileReference section */

/* Begin PBXFrameworksBuildPhase section */
		60E187ED2CC94EC800D4A616 /* Frameworks */ = {
			isa = PBXFrameworksBuildPhase;
			buildActionMask = 2147483647;
			files = (
				605E979F2CDAE677006C5D6E /* FirebaseAuth in Frameworks */,
				605E97A12CDAE677006C5D6E /* FirebaseFirestore in Frameworks */,
				605E97A32CDAE677006C5D6E /* FirebaseStorage in Frameworks */,
			);
			runOnlyForDeploymentPostprocessing = 0;
		};
/* End PBXFrameworksBuildPhase section */

/* Begin PBXGroup section */
		322270C12D00CA2B0004572B /* User Table */ = {
			isa = PBXGroup;
			children = (
				322270CE2D00CAD60004572B /* Views */,
				322270C62D00CA740004572B /* UserTableViewController.swift */,
				322270CC2D00CAC40004572B /* UserTableViewManager.swift */,
			);
			path = "User Table";
			sourceTree = "<group>";
		};
		322270CE2D00CAD60004572B /* Views */ = {
			isa = PBXGroup;
			children = (
				322270C42D00CA670004572B /* UserTableView.swift */,
				322270C82D00CA8B0004572B /* UserTableViewCell.swift */,
			);
			path = Views;
			sourceTree = "<group>";
		};
		322270CF2D00FA990004572B /* Views */ = {
			isa = PBXGroup;
			children = (
				605E97A42CDAE724006C5D6E /* MainScreenView.swift */,
				60A4DB1B2CF290D8007A897E /* TableViewEventCell.swift */,
			);
			path = Views;
			sourceTree = "<group>";
		};
		32D0D0A82CFF819E00FC9D25 /* Profile Edit Screen */ = {
			isa = PBXGroup;
			children = (
				32D0D0AB2CFF81F400FC9D25 /* ProfileEditView.swift */,
				32D0D0A92CFF81E700FC9D25 /* ProfileEditViewController.swift */,
			);
			path = "Profile Edit Screen";
			sourceTree = "<group>";
		};
		32D0D0D72CFFA21900FC9D25 /* Components */ = {
			isa = PBXGroup;
			children = (
				32D0D1032CFFA3B300FC9D25 /* ImagePickerManager.swift */,
			);
			path = Components;
			sourceTree = "<group>";
		};
		32D0D1312CFFEE9700FC9D25 /* Utils */ = {
			isa = PBXGroup;
			children = (
				32D0D12F2CFFADA100FC9D25 /* ImageViewUtils.swift */,
			);
			path = Utils;
			sourceTree = "<group>";
		};
		32E7EA4D2CFA9DD10000479A /* Views */ = {
			isa = PBXGroup;
			children = (
				32E7EA4A2CFA9DD10000479A /* ChatView.swift */,
				32E7EA4B2CFA9DD10000479A /* SenderTableViewCell.swift */,
				32E7EA4C2CFA9DD10000479A /* ReceiverTableViewCell.swift */,
			);
			path = Views;
			sourceTree = "<group>";
		};
		32E7EA512CFA9DD10000479A /* ChatView */ = {
			isa = PBXGroup;
			children = (
				32E7EA4D2CFA9DD10000479A /* Views */,
				32E7EA4E2CFA9DD10000479A /* ChatViewController.swift */,
				32E7EA4F2CFA9DD10000479A /* ChatTableViewManager.swift */,
				32E7EA502CFA9DD10000479A /* ChatProgressIndicatorManager.swift */,
			);
			path = ChatView;
			sourceTree = "<group>";
		};
		32E7EA5A2CFA9DDA0000479A /* Views */ = {
			isa = PBXGroup;
			children = (
				32E7EA582CFA9DDA0000479A /* NewMessageView.swift */,
				32E7EA592CFA9DDA0000479A /* SearchTableViewCell.swift */,
			);
			path = Views;
			sourceTree = "<group>";
		};
		32E7EA5D2CFA9DDA0000479A /* New Message */ = {
			isa = PBXGroup;
			children = (
				32E7EA5A2CFA9DDA0000479A /* Views */,
				32E7EA5B2CFA9DDA0000479A /* NewMessageViewController.swift */,
				32E7EA5C2CFA9DDA0000479A /* NewMessageTableViewManager.swift */,
			);
			path = "New Message";
			sourceTree = "<group>";
		};
		32E7EA662CFA9EA70000479A /* Views */ = {
			isa = PBXGroup;
			children = (
				32E7EA6D2CFAA0370000479A /* ChatListView.swift */,
				32E7EA672CFA9ED80000479A /* ChatTableViewCell.swift */,
			);
			path = Views;
			sourceTree = "<group>";
		};
		605E978F2CDABD52006C5D6E /* Main Screen */ = {
			isa = PBXGroup;
			children = (
				60A4DB1F2CF2E371007A897E /* Event Details Screen */,
				322270CF2D00FA990004572B /* Views */,
				605E97902CDABD65006C5D6E /* ViewController.swift */,
				60A4DB0C2CDC0C7C007A897E /* MainScreenViewController.swift */,
			);
			path = "Main Screen";
			sourceTree = "<group>";
		};
		605E97942CDABDAB006C5D6E /* Login Screen */ = {
			isa = PBXGroup;
			children = (
				605E97992CDABDD6006C5D6E /* LoginViewController.swift */,
				605E979B2CDABDE6006C5D6E /* LoginView.swift */,
			);
			path = "Login Screen";
			sourceTree = "<group>";
		};
		605E97A62CDAE7B0006C5D6E /* Register Screen */ = {
			isa = PBXGroup;
			children = (
				605E97A72CDAE7C3006C5D6E /* RegisterView.swift */,
				605E97A92CDAE7D1006C5D6E /* RegisterViewController.swift */,
			);
			path = "Register Screen";
			sourceTree = "<group>";
		};
		605E97AB2CDAE802006C5D6E /* Progress Indicator */ = {
			isa = PBXGroup;
			children = (
				605E97AC2CDAE827006C5D6E /* ProgressSpinnerViewController.swift */,
				605E97AE2CDAE837006C5D6E /* ProgressSpinnerDelegate.swift */,
			);
			path = "Progress Indicator";
			sourceTree = "<group>";
		};
		60A4DAFC2CDBFC72007A897E /* Profile Screen */ = {
			isa = PBXGroup;
			children = (
				60A4DAFF2CDBFCA2007A897E /* ProfileView.swift */,
				60A4DAFD2CDBFC87007A897E /* ProfileViewController.swift */,
			);
			path = "Profile Screen";
			sourceTree = "<group>";
		};
		60A4DB012CDBFCB8007A897E /* Chat Screen */ = {
			isa = PBXGroup;
			children = (
				32E7EA662CFA9EA70000479A /* Views */,
				32E7EA6F2CFAA0B20000479A /* ChatListViewController.swift */,
				32E7EA712CFAA3240000479A /* ChatListTableViewManager.swift */,
			);
			path = "Chat Screen";
			sourceTree = "<group>";
		};
		60A4DB0E2CED2EC8007A897E /* New Event Screen */ = {
			isa = PBXGroup;
			children = (
				60A4DB112CED2F05007A897E /* NewEventView.swift */,
				60A4DB0F2CED2EF7007A897E /* NewEventViewController.swift */,
			);
			path = "New Event Screen";
			sourceTree = "<group>";
		};
		60A4DB132CED3087007A897E /* Data Models */ = {
			isa = PBXGroup;
			children = (
				32E7EA642CFA9DE30000479A /* Message.swift */,
				32E7EA622CFA9DDF0000479A /* Chat.swift */,
				60A4DB142CED30B0007A897E /* Event.swift */,
				60A4DB252CF2FD0C007A897E /* User.swift */,
				60A4DB412D04DA5B007A897E /* Place.swift */,
			);
			path = "Data Models";
			sourceTree = "<group>";
		};
		60A4DB1F2CF2E371007A897E /* Event Details Screen */ = {
			isa = PBXGroup;
			children = (
				60A4DB202CF2E39A007A897E /* EventDetailsView.swift */,
				60A4DB232CF2E3C6007A897E /* EventDetailsViewController.swift */,
				60A4DB272D020138007A897E /* Event Participants Screen */,
			);
			path = "Event Details Screen";
			sourceTree = "<group>";
		};
		60A4DB272D020138007A897E /* Event Participants Screen */ = {
			isa = PBXGroup;
			children = (
				60A4DB2C2D0202B6007A897E /* Views */,
				60A4DB282D020152007A897E /* EventParticipantsViewController.swift */,
			);
			path = "Event Participants Screen";
			sourceTree = "<group>";
		};
		60A4DB2C2D0202B6007A897E /* Views */ = {
			isa = PBXGroup;
			children = (
				60A4DB2A2D020161007A897E /* EventParticipantsView.swift */,
				60A4DB2D2D0202DF007A897E /* ParticipantTableViewCell.swift */,
			);
			path = Views;
			sourceTree = "<group>";
		};
		60A4DB2F2D04BFBD007A897E /* Map Screen */ = {
			isa = PBXGroup;
			children = (
				60A4DB3F2D04D69E007A897E /* Place Search Bottom Sheet */,
				60A4DB382D04D122007A897E /* Views */,
				60A4DB322D04BFE8007A897E /* MapViewController.swift */,
				60A4DB342D04C05D007A897E /* LocationManager.swift */,
			);
			path = "Map Screen";
			sourceTree = "<group>";
		};
		60A4DB382D04D122007A897E /* Views */ = {
			isa = PBXGroup;
			children = (
				60A4DB302D04BFD8007A897E /* MapView.swift */,
			);
			path = Views;
			sourceTree = "<group>";
		};
		60A4DB3F2D04D69E007A897E /* Place Search Bottom Sheet */ = {
			isa = PBXGroup;
			children = (
				60A4DB402D04D6AB007A897E /* Views */,
				60A4DB362D04D0F8007A897E /* SearchViewController.swift */,
				60A4DB3D2D04D2D8007A897E /* LoadPlaces.swift */,
			);
			path = "Place Search Bottom Sheet";
			sourceTree = "<group>";
		};
		60A4DB402D04D6AB007A897E /* Views */ = {
			isa = PBXGroup;
			children = (
				60A4DB392D04D138007A897E /* SearchBottomSheet.swift */,
				60A4DB3B2D04D15F007A897E /* MapSearchTableViewCell.swift */,
			);
			path = Views;
			sourceTree = "<group>";
		};
		60E187E72CC94EC800D4A616 = {
			isa = PBXGroup;
			children = (
				60E187F22CC94EC800D4A616 /* Sports Meetup App */,
				60E187F12CC94EC800D4A616 /* Products */,
			);
			sourceTree = "<group>";
		};
		60E187F12CC94EC800D4A616 /* Products */ = {
			isa = PBXGroup;
			children = (
				60E187F02CC94EC800D4A616 /* Sports Meetup App.app */,
			);
			name = Products;
			sourceTree = "<group>";
		};
		60E187F22CC94EC800D4A616 /* Sports Meetup App */ = {
			isa = PBXGroup;
			children = (
				32D0D1312CFFEE9700FC9D25 /* Utils */,
				32E7EA6B2CFA9FDA0000479A /* Configs.swift */,
				60A4DB1D2CF29776007A897E /* NotificationNames.swift */,
				32D0D0D72CFFA21900FC9D25 /* Components */,
				60A4DB132CED3087007A897E /* Data Models */,
				32E7EA512CFA9DD10000479A /* ChatView */,
				32E7EA5D2CFA9DDA0000479A /* New Message */,
				60A4DB012CDBFCB8007A897E /* Chat Screen */,
				32D0D0A82CFF819E00FC9D25 /* Profile Edit Screen */,
				60A4DAFC2CDBFC72007A897E /* Profile Screen */,
				322270C12D00CA2B0004572B /* User Table */,
				605E97AB2CDAE802006C5D6E /* Progress Indicator */,
				605E97A62CDAE7B0006C5D6E /* Register Screen */,
				605E97942CDABDAB006C5D6E /* Login Screen */,
				60A4DB2F2D04BFBD007A897E /* Map Screen */,
				605E978F2CDABD52006C5D6E /* Main Screen */,
				60A4DB0E2CED2EC8007A897E /* New Event Screen */,
				60E187F32CC94EC800D4A616 /* AppDelegate.swift */,
				60E187F52CC94EC800D4A616 /* SceneDelegate.swift */,
				60E187F92CC94EC800D4A616 /* Main.storyboard */,
				60E187FC2CC94EC900D4A616 /* Assets.xcassets */,
				60E187FE2CC94EC900D4A616 /* LaunchScreen.storyboard */,
				60E188012CC94EC900D4A616 /* Info.plist */,
				605E97B22CDAEA7B006C5D6E /* GoogleService-Info.plist */,
			);
			path = "Sports Meetup App";
			sourceTree = "<group>";
		};
/* End PBXGroup section */

/* Begin PBXNativeTarget section */
		60E187EF2CC94EC800D4A616 /* Sports Meetup App */ = {
			isa = PBXNativeTarget;
			buildConfigurationList = 60E188042CC94EC900D4A616 /* Build configuration list for PBXNativeTarget "Sports Meetup App" */;
			buildPhases = (
				60E187EC2CC94EC800D4A616 /* Sources */,
				60E187ED2CC94EC800D4A616 /* Frameworks */,
				60E187EE2CC94EC800D4A616 /* Resources */,
			);
			buildRules = (
			);
			dependencies = (
			);
			name = "Sports Meetup App";
			packageProductDependencies = (
				605E979E2CDAE677006C5D6E /* FirebaseAuth */,
				605E97A02CDAE677006C5D6E /* FirebaseFirestore */,
				605E97A22CDAE677006C5D6E /* FirebaseStorage */,
			);
			productName = "Sports Meetup App";
			productReference = 60E187F02CC94EC800D4A616 /* Sports Meetup App.app */;
			productType = "com.apple.product-type.application";
		};
/* End PBXNativeTarget section */

/* Begin PBXProject section */
		60E187E82CC94EC800D4A616 /* Project object */ = {
			isa = PBXProject;
			attributes = {
				BuildIndependentTargetsInParallel = 1;
				LastSwiftUpdateCheck = 1540;
				LastUpgradeCheck = 1540;
				TargetAttributes = {
					60E187EF2CC94EC800D4A616 = {
						CreatedOnToolsVersion = 15.4;
					};
				};
			};
			buildConfigurationList = 60E187EB2CC94EC800D4A616 /* Build configuration list for PBXProject "Sports Meetup App" */;
			compatibilityVersion = "Xcode 14.0";
			developmentRegion = en;
			hasScannedForEncodings = 0;
			knownRegions = (
				en,
				Base,
			);
			mainGroup = 60E187E72CC94EC800D4A616;
			packageReferences = (
				605E979D2CDAE677006C5D6E /* XCRemoteSwiftPackageReference "firebase-ios-sdk" */,
			);
			productRefGroup = 60E187F12CC94EC800D4A616 /* Products */;
			projectDirPath = "";
			projectRoot = "";
			targets = (
				60E187EF2CC94EC800D4A616 /* Sports Meetup App */,
			);
		};
/* End PBXProject section */

/* Begin PBXResourcesBuildPhase section */
		60E187EE2CC94EC800D4A616 /* Resources */ = {
			isa = PBXResourcesBuildPhase;
			buildActionMask = 2147483647;
			files = (
				60E187FD2CC94EC900D4A616 /* Assets.xcassets in Resources */,
				605E97B32CDAEA7B006C5D6E /* GoogleService-Info.plist in Resources */,
				60E188002CC94EC900D4A616 /* Base in Resources */,
				60E187FB2CC94EC800D4A616 /* Base in Resources */,
			);
			runOnlyForDeploymentPostprocessing = 0;
		};
/* End PBXResourcesBuildPhase section */

/* Begin PBXSourcesBuildPhase section */
		60E187EC2CC94EC800D4A616 /* Sources */ = {
			isa = PBXSourcesBuildPhase;
			buildActionMask = 2147483647;
			files = (
				605E97A82CDAE7C3006C5D6E /* RegisterView.swift in Sources */,
				605E97AA2CDAE7D1006C5D6E /* RegisterViewController.swift in Sources */,
				32D0D0AC2CFF81F400FC9D25 /* ProfileEditView.swift in Sources */,
				60A4DB102CED2EF7007A897E /* NewEventViewController.swift in Sources */,
				60A4DB3C2D04D15F007A897E /* MapSearchTableViewCell.swift in Sources */,
				32E7EA722CFAA32A0000479A /* ChatListTableViewManager.swift in Sources */,
				60A4DB2B2D020161007A897E /* EventParticipantsView.swift in Sources */,
				32D0D1042CFFA3B700FC9D25 /* ImagePickerManager.swift in Sources */,
				322270C52D00CA670004572B /* UserTableView.swift in Sources */,
				605E979A2CDABDD6006C5D6E /* LoginViewController.swift in Sources */,
				605E97912CDABD65006C5D6E /* ViewController.swift in Sources */,
				60A4DB0D2CDC0C7C007A897E /* MainScreenViewController.swift in Sources */,
				60A4DB122CED2F05007A897E /* NewEventView.swift in Sources */,
				60A4DB352D04C05D007A897E /* LocationManager.swift in Sources */,
				60E187F42CC94EC800D4A616 /* AppDelegate.swift in Sources */,
				32E7EA522CFA9DD10000479A /* ChatView.swift in Sources */,
				32E7EA532CFA9DD10000479A /* SenderTableViewCell.swift in Sources */,
				32E7EA542CFA9DD10000479A /* ChatProgressIndicatorManager.swift in Sources */,
				60A4DB332D04BFE8007A897E /* MapViewController.swift in Sources */,
				32E7EA552CFA9DD10000479A /* ChatTableViewManager.swift in Sources */,
				32E7EA562CFA9DD10000479A /* ReceiverTableViewCell.swift in Sources */,
				32D0D1302CFFADA900FC9D25 /* ImageViewUtils.swift in Sources */,
				322270CD2D00CACE0004572B /* UserTableViewManager.swift in Sources */,
				32E7EA572CFA9DD10000479A /* ChatViewController.swift in Sources */,
				60A4DB152CED30B0007A897E /* Event.swift in Sources */,
				605E97AF2CDAE837006C5D6E /* ProgressSpinnerDelegate.swift in Sources */,
				605E97AD2CDAE827006C5D6E /* ProgressSpinnerViewController.swift in Sources */,
				32E7EA632CFA9DE00000479A /* Chat.swift in Sources */,
				60A4DB212CF2E39A007A897E /* EventDetailsView.swift in Sources */,
				32E7EA682CFA9ED80000479A /* ChatTableViewCell.swift in Sources */,
				60E187F62CC94EC800D4A616 /* SceneDelegate.swift in Sources */,
				60A4DAFE2CDBFC87007A897E /* ProfileViewController.swift in Sources */,
				60A4DB292D020152007A897E /* EventParticipantsViewController.swift in Sources */,
				32E7EA702CFAA0B20000479A /* ChatListViewController.swift in Sources */,
				322270C92D00CA8B0004572B /* UserTableViewCell.swift in Sources */,
				60A4DB3E2D04D2D8007A897E /* LoadPlaces.swift in Sources */,
				32E7EA6E2CFAA0370000479A /* ChatListView.swift in Sources */,
				60A4DB1C2CF290D8007A897E /* TableViewEventCell.swift in Sources */,
				605E979C2CDABDE6006C5D6E /* LoginView.swift in Sources */,
				60A4DB422D04DA5B007A897E /* Place.swift in Sources */,
				60A4DB1E2CF29776007A897E /* NotificationNames.swift in Sources */,
				32E7EA5E2CFA9DDA0000479A /* SearchTableViewCell.swift in Sources */,
				60A4DB372D04D0F8007A897E /* SearchViewController.swift in Sources */,
				60A4DB312D04BFD8007A897E /* MapView.swift in Sources */,
				32E7EA652CFA9DE30000479A /* Message.swift in Sources */,
				32E7EA5F2CFA9DDA0000479A /* NewMessageViewController.swift in Sources */,
				32E7EA602CFA9DDA0000479A /* NewMessageTableViewManager.swift in Sources */,
				32E7EA612CFA9DDA0000479A /* NewMessageView.swift in Sources */,
				60A4DB2E2D0202DF007A897E /* ParticipantTableViewCell.swift in Sources */,
				60A4DB002CDBFCA2007A897E /* ProfileView.swift in Sources */,
				60A4DB242CF2E3C6007A897E /* EventDetailsViewController.swift in Sources */,
				605E97A52CDAE724006C5D6E /* MainScreenView.swift in Sources */,
				322270C72D00CA740004572B /* UserTableViewController.swift in Sources */,
				60A4DB3A2D04D138007A897E /* SearchBottomSheet.swift in Sources */,
				60A4DB262CF2FD0C007A897E /* User.swift in Sources */,
				32D0D0AA2CFF81E700FC9D25 /* ProfileEditViewController.swift in Sources */,
				32E7EA6C2CFA9FDD0000479A /* Configs.swift in Sources */,
			);
			runOnlyForDeploymentPostprocessing = 0;
		};
/* End PBXSourcesBuildPhase section */

/* Begin PBXVariantGroup section */
		60E187F92CC94EC800D4A616 /* Main.storyboard */ = {
			isa = PBXVariantGroup;
			children = (
				60E187FA2CC94EC800D4A616 /* Base */,
			);
			name = Main.storyboard;
			sourceTree = "<group>";
		};
		60E187FE2CC94EC900D4A616 /* LaunchScreen.storyboard */ = {
			isa = PBXVariantGroup;
			children = (
				60E187FF2CC94EC900D4A616 /* Base */,
			);
			name = LaunchScreen.storyboard;
			sourceTree = "<group>";
		};
/* End PBXVariantGroup section */

/* Begin XCBuildConfiguration section */
		60E188022CC94EC900D4A616 /* Debug */ = {
			isa = XCBuildConfiguration;
			buildSettings = {
				ALWAYS_SEARCH_USER_PATHS = NO;
				ASSETCATALOG_COMPILER_GENERATE_SWIFT_ASSET_SYMBOL_EXTENSIONS = YES;
				CLANG_ANALYZER_NONNULL = YES;
				CLANG_ANALYZER_NUMBER_OBJECT_CONVERSION = YES_AGGRESSIVE;
				CLANG_CXX_LANGUAGE_STANDARD = "gnu++20";
				CLANG_ENABLE_MODULES = YES;
				CLANG_ENABLE_OBJC_ARC = YES;
				CLANG_ENABLE_OBJC_WEAK = YES;
				CLANG_WARN_BLOCK_CAPTURE_AUTORELEASING = YES;
				CLANG_WARN_BOOL_CONVERSION = YES;
				CLANG_WARN_COMMA = YES;
				CLANG_WARN_CONSTANT_CONVERSION = YES;
				CLANG_WARN_DEPRECATED_OBJC_IMPLEMENTATIONS = YES;
				CLANG_WARN_DIRECT_OBJC_ISA_USAGE = YES_ERROR;
				CLANG_WARN_DOCUMENTATION_COMMENTS = YES;
				CLANG_WARN_EMPTY_BODY = YES;
				CLANG_WARN_ENUM_CONVERSION = YES;
				CLANG_WARN_INFINITE_RECURSION = YES;
				CLANG_WARN_INT_CONVERSION = YES;
				CLANG_WARN_NON_LITERAL_NULL_CONVERSION = YES;
				CLANG_WARN_OBJC_IMPLICIT_RETAIN_SELF = YES;
				CLANG_WARN_OBJC_LITERAL_CONVERSION = YES;
				CLANG_WARN_OBJC_ROOT_CLASS = YES_ERROR;
				CLANG_WARN_QUOTED_INCLUDE_IN_FRAMEWORK_HEADER = YES;
				CLANG_WARN_RANGE_LOOP_ANALYSIS = YES;
				CLANG_WARN_STRICT_PROTOTYPES = YES;
				CLANG_WARN_SUSPICIOUS_MOVE = YES;
				CLANG_WARN_UNGUARDED_AVAILABILITY = YES_AGGRESSIVE;
				CLANG_WARN_UNREACHABLE_CODE = YES;
				CLANG_WARN__DUPLICATE_METHOD_MATCH = YES;
				COPY_PHASE_STRIP = NO;
				DEBUG_INFORMATION_FORMAT = dwarf;
				ENABLE_STRICT_OBJC_MSGSEND = YES;
				ENABLE_TESTABILITY = YES;
				ENABLE_USER_SCRIPT_SANDBOXING = YES;
				GCC_C_LANGUAGE_STANDARD = gnu17;
				GCC_DYNAMIC_NO_PIC = NO;
				GCC_NO_COMMON_BLOCKS = YES;
				GCC_OPTIMIZATION_LEVEL = 0;
				GCC_PREPROCESSOR_DEFINITIONS = (
					"DEBUG=1",
					"$(inherited)",
				);
				GCC_WARN_64_TO_32_BIT_CONVERSION = YES;
				GCC_WARN_ABOUT_RETURN_TYPE = YES_ERROR;
				GCC_WARN_UNDECLARED_SELECTOR = YES;
				GCC_WARN_UNINITIALIZED_AUTOS = YES_AGGRESSIVE;
				GCC_WARN_UNUSED_FUNCTION = YES;
				GCC_WARN_UNUSED_VARIABLE = YES;
				IPHONEOS_DEPLOYMENT_TARGET = 17.5;
				LOCALIZATION_PREFERS_STRING_CATALOGS = YES;
				MTL_ENABLE_DEBUG_INFO = INCLUDE_SOURCE;
				MTL_FAST_MATH = YES;
				ONLY_ACTIVE_ARCH = YES;
				SDKROOT = iphoneos;
				SWIFT_ACTIVE_COMPILATION_CONDITIONS = "DEBUG $(inherited)";
				SWIFT_OPTIMIZATION_LEVEL = "-Onone";
			};
			name = Debug;
		};
		60E188032CC94EC900D4A616 /* Release */ = {
			isa = XCBuildConfiguration;
			buildSettings = {
				ALWAYS_SEARCH_USER_PATHS = NO;
				ASSETCATALOG_COMPILER_GENERATE_SWIFT_ASSET_SYMBOL_EXTENSIONS = YES;
				CLANG_ANALYZER_NONNULL = YES;
				CLANG_ANALYZER_NUMBER_OBJECT_CONVERSION = YES_AGGRESSIVE;
				CLANG_CXX_LANGUAGE_STANDARD = "gnu++20";
				CLANG_ENABLE_MODULES = YES;
				CLANG_ENABLE_OBJC_ARC = YES;
				CLANG_ENABLE_OBJC_WEAK = YES;
				CLANG_WARN_BLOCK_CAPTURE_AUTORELEASING = YES;
				CLANG_WARN_BOOL_CONVERSION = YES;
				CLANG_WARN_COMMA = YES;
				CLANG_WARN_CONSTANT_CONVERSION = YES;
				CLANG_WARN_DEPRECATED_OBJC_IMPLEMENTATIONS = YES;
				CLANG_WARN_DIRECT_OBJC_ISA_USAGE = YES_ERROR;
				CLANG_WARN_DOCUMENTATION_COMMENTS = YES;
				CLANG_WARN_EMPTY_BODY = YES;
				CLANG_WARN_ENUM_CONVERSION = YES;
				CLANG_WARN_INFINITE_RECURSION = YES;
				CLANG_WARN_INT_CONVERSION = YES;
				CLANG_WARN_NON_LITERAL_NULL_CONVERSION = YES;
				CLANG_WARN_OBJC_IMPLICIT_RETAIN_SELF = YES;
				CLANG_WARN_OBJC_LITERAL_CONVERSION = YES;
				CLANG_WARN_OBJC_ROOT_CLASS = YES_ERROR;
				CLANG_WARN_QUOTED_INCLUDE_IN_FRAMEWORK_HEADER = YES;
				CLANG_WARN_RANGE_LOOP_ANALYSIS = YES;
				CLANG_WARN_STRICT_PROTOTYPES = YES;
				CLANG_WARN_SUSPICIOUS_MOVE = YES;
				CLANG_WARN_UNGUARDED_AVAILABILITY = YES_AGGRESSIVE;
				CLANG_WARN_UNREACHABLE_CODE = YES;
				CLANG_WARN__DUPLICATE_METHOD_MATCH = YES;
				COPY_PHASE_STRIP = NO;
				DEBUG_INFORMATION_FORMAT = "dwarf-with-dsym";
				ENABLE_NS_ASSERTIONS = NO;
				ENABLE_STRICT_OBJC_MSGSEND = YES;
				ENABLE_USER_SCRIPT_SANDBOXING = YES;
				GCC_C_LANGUAGE_STANDARD = gnu17;
				GCC_NO_COMMON_BLOCKS = YES;
				GCC_WARN_64_TO_32_BIT_CONVERSION = YES;
				GCC_WARN_ABOUT_RETURN_TYPE = YES_ERROR;
				GCC_WARN_UNDECLARED_SELECTOR = YES;
				GCC_WARN_UNINITIALIZED_AUTOS = YES_AGGRESSIVE;
				GCC_WARN_UNUSED_FUNCTION = YES;
				GCC_WARN_UNUSED_VARIABLE = YES;
				IPHONEOS_DEPLOYMENT_TARGET = 17.5;
				LOCALIZATION_PREFERS_STRING_CATALOGS = YES;
				MTL_ENABLE_DEBUG_INFO = NO;
				MTL_FAST_MATH = YES;
				SDKROOT = iphoneos;
				SWIFT_COMPILATION_MODE = wholemodule;
				VALIDATE_PRODUCT = YES;
			};
			name = Release;
		};
		60E188052CC94EC900D4A616 /* Debug */ = {
			isa = XCBuildConfiguration;
			buildSettings = {
				ASSETCATALOG_COMPILER_APPICON_NAME = AppIcon;
				ASSETCATALOG_COMPILER_GLOBAL_ACCENT_COLOR_NAME = AccentColor;
				CODE_SIGN_STYLE = Automatic;
				CURRENT_PROJECT_VERSION = 1;
				DEVELOPMENT_TEAM = JWF82944H3;
				GENERATE_INFOPLIST_FILE = YES;
				INFOPLIST_FILE = "Sports Meetup App/Info.plist";
				INFOPLIST_KEY_UIApplicationSupportsIndirectInputEvents = YES;
				INFOPLIST_KEY_UILaunchStoryboardName = LaunchScreen;
				INFOPLIST_KEY_UIMainStoryboardFile = Main;
				INFOPLIST_KEY_UISupportedInterfaceOrientations_iPad = "UIInterfaceOrientationPortrait UIInterfaceOrientationPortraitUpsideDown UIInterfaceOrientationLandscapeLeft UIInterfaceOrientationLandscapeRight";
				INFOPLIST_KEY_UISupportedInterfaceOrientations_iPhone = "UIInterfaceOrientationPortrait UIInterfaceOrientationLandscapeLeft UIInterfaceOrientationLandscapeRight";
				LD_RUNPATH_SEARCH_PATHS = (
					"$(inherited)",
					"@executable_path/Frameworks",
				);
				MARKETING_VERSION = 1.0;
				PRODUCT_BUNDLE_IDENTIFIER = "com.nuios.Sports-Meetup-App";
				PRODUCT_NAME = "$(TARGET_NAME)";
				SWIFT_EMIT_LOC_STRINGS = YES;
				SWIFT_VERSION = 5.0;
				TARGETED_DEVICE_FAMILY = "1,2";
			};
			name = Debug;
		};
		60E188062CC94EC900D4A616 /* Release */ = {
			isa = XCBuildConfiguration;
			buildSettings = {
				ASSETCATALOG_COMPILER_APPICON_NAME = AppIcon;
				ASSETCATALOG_COMPILER_GLOBAL_ACCENT_COLOR_NAME = AccentColor;
				CODE_SIGN_STYLE = Automatic;
				CURRENT_PROJECT_VERSION = 1;
				DEVELOPMENT_TEAM = JWF82944H3;
				GENERATE_INFOPLIST_FILE = YES;
				INFOPLIST_FILE = "Sports Meetup App/Info.plist";
				INFOPLIST_KEY_UIApplicationSupportsIndirectInputEvents = YES;
				INFOPLIST_KEY_UILaunchStoryboardName = LaunchScreen;
				INFOPLIST_KEY_UIMainStoryboardFile = Main;
				INFOPLIST_KEY_UISupportedInterfaceOrientations_iPad = "UIInterfaceOrientationPortrait UIInterfaceOrientationPortraitUpsideDown UIInterfaceOrientationLandscapeLeft UIInterfaceOrientationLandscapeRight";
				INFOPLIST_KEY_UISupportedInterfaceOrientations_iPhone = "UIInterfaceOrientationPortrait UIInterfaceOrientationLandscapeLeft UIInterfaceOrientationLandscapeRight";
				LD_RUNPATH_SEARCH_PATHS = (
					"$(inherited)",
					"@executable_path/Frameworks",
				);
				MARKETING_VERSION = 1.0;
				PRODUCT_BUNDLE_IDENTIFIER = "com.nuios.Sports-Meetup-App";
				PRODUCT_NAME = "$(TARGET_NAME)";
				SWIFT_EMIT_LOC_STRINGS = YES;
				SWIFT_VERSION = 5.0;
				TARGETED_DEVICE_FAMILY = "1,2";
			};
			name = Release;
		};
/* End XCBuildConfiguration section */

/* Begin XCConfigurationList section */
		60E187EB2CC94EC800D4A616 /* Build configuration list for PBXProject "Sports Meetup App" */ = {
			isa = XCConfigurationList;
			buildConfigurations = (
				60E188022CC94EC900D4A616 /* Debug */,
				60E188032CC94EC900D4A616 /* Release */,
			);
			defaultConfigurationIsVisible = 0;
			defaultConfigurationName = Release;
		};
		60E188042CC94EC900D4A616 /* Build configuration list for PBXNativeTarget "Sports Meetup App" */ = {
			isa = XCConfigurationList;
			buildConfigurations = (
				60E188052CC94EC900D4A616 /* Debug */,
				60E188062CC94EC900D4A616 /* Release */,
			);
			defaultConfigurationIsVisible = 0;
			defaultConfigurationName = Release;
		};
/* End XCConfigurationList section */

/* Begin XCRemoteSwiftPackageReference section */
		605E979D2CDAE677006C5D6E /* XCRemoteSwiftPackageReference "firebase-ios-sdk" */ = {
			isa = XCRemoteSwiftPackageReference;
			repositoryURL = "https://github.com/firebase/firebase-ios-sdk";
			requirement = {
				kind = upToNextMajorVersion;
				minimumVersion = 11.4.0;
			};
		};
/* End XCRemoteSwiftPackageReference section */

/* Begin XCSwiftPackageProductDependency section */
		605E979E2CDAE677006C5D6E /* FirebaseAuth */ = {
			isa = XCSwiftPackageProductDependency;
			package = 605E979D2CDAE677006C5D6E /* XCRemoteSwiftPackageReference "firebase-ios-sdk" */;
			productName = FirebaseAuth;
		};
		605E97A02CDAE677006C5D6E /* FirebaseFirestore */ = {
			isa = XCSwiftPackageProductDependency;
			package = 605E979D2CDAE677006C5D6E /* XCRemoteSwiftPackageReference "firebase-ios-sdk" */;
			productName = FirebaseFirestore;
		};
		605E97A22CDAE677006C5D6E /* FirebaseStorage */ = {
			isa = XCSwiftPackageProductDependency;
			package = 605E979D2CDAE677006C5D6E /* XCRemoteSwiftPackageReference "firebase-ios-sdk" */;
			productName = FirebaseStorage;
		};
/* End XCSwiftPackageProductDependency section */
	};
	rootObject = 60E187E82CC94EC800D4A616 /* Project object */;
}
