// !$*UTF8*$!
{
	archiveVersion = 1;
	classes = {
	};
	objectVersion = 56;
	objects = {

/* Begin PBXBuildFile section */
		605E97912CDABD65006C5D6E /* ViewController.swift in Sources */ = {isa = PBXBuildFile; fileRef = 605E97902CDABD65006C5D6E /* ViewController.swift */; };
		605E979A2CDABDD6006C5D6E /* LoginViewController.swift in Sources */ = {isa = PBXBuildFile; fileRef = 605E97992CDABDD6006C5D6E /* LoginViewController.swift */; };
		605E979C2CDABDE6006C5D6E /* LoginView.swift in Sources */ = {isa = PBXBuildFile; fileRef = 605E979B2CDABDE6006C5D6E /* LoginView.swift */; };
		605E979F2CDAE677006C5D6E /* FirebaseAuth in Frameworks */ = {isa = PBXBuildFile; productRef = 605E979E2CDAE677006C5D6E /* FirebaseAuth */; };
		605E97A12CDAE677006C5D6E /* FirebaseFirestore in Frameworks */ = {isa = PBXBuildFile; productRef = 605E97A02CDAE677006C5D6E /* FirebaseFirestore */; };
		605E97A32CDAE677006C5D6E /* FirebaseStorage in Frameworks */ = {isa = PBXBuildFile; productRef = 605E97A22CDAE677006C5D6E /* FirebaseStorage */; };
		605E97A52CDAE724006C5D6E /* MainScreenView.swift in Sources */ = {isa = PBXBuildFile; fileRef = 605E97A42CDAE724006C5D6E /* MainScreenView.swift */; };
		605E97A82CDAE7C3006C5D6E /* RegisterView.swift in Sources */ = {isa = PBXBuildFile; fileRef = 605E97A72CDAE7C3006C5D6E /* RegisterView.swift */; };
		605E97AA2CDAE7D1006C5D6E /* RegisterViewController.swift in Sources */ = {isa = PBXBuildFile; fileRef = 605E97A92CDAE7D1006C5D6E /* RegisterViewController.swift */; };
		605E97AD2CDAE827006C5D6E /* ProgressSpinnerViewController.swift in Sources */ = {isa = PBXBuildFile; fileRef = 605E97AC2CDAE827006C5D6E /* ProgressSpinnerViewController.swift */; };
		605E97AF2CDAE837006C5D6E /* ProgressSpinnerDelegate.swift in Sources */ = {isa = PBXBuildFile; fileRef = 605E97AE2CDAE837006C5D6E /* ProgressSpinnerDelegate.swift */; };
		605E97B32CDAEA7B006C5D6E /* GoogleService-Info.plist in Resources */ = {isa = PBXBuildFile; fileRef = 605E97B22CDAEA7B006C5D6E /* GoogleService-Info.plist */; };
		60A4DAFE2CDBFC87007A897E /* ProfileViewController.swift in Sources */ = {isa = PBXBuildFile; fileRef = 60A4DAFD2CDBFC87007A897E /* ProfileViewController.swift */; };
		60A4DB002CDBFCA2007A897E /* ProfileView.swift in Sources */ = {isa = PBXBuildFile; fileRef = 60A4DAFF2CDBFCA2007A897E /* ProfileView.swift */; };
		60A4DB032CDBFCEF007A897E /* ChatView.swift in Sources */ = {isa = PBXBuildFile; fileRef = 60A4DB022CDBFCEF007A897E /* ChatView.swift */; };
		60A4DB052CDBFD02007A897E /* ChatViewController.swift in Sources */ = {isa = PBXBuildFile; fileRef = 60A4DB042CDBFD02007A897E /* ChatViewController.swift */; };
		60A4DB0D2CDC0C7C007A897E /* MainScreenViewController.swift in Sources */ = {isa = PBXBuildFile; fileRef = 60A4DB0C2CDC0C7C007A897E /* MainScreenViewController.swift */; };
		60E187F42CC94EC800D4A616 /* AppDelegate.swift in Sources */ = {isa = PBXBuildFile; fileRef = 60E187F32CC94EC800D4A616 /* AppDelegate.swift */; };
		60E187F62CC94EC800D4A616 /* SceneDelegate.swift in Sources */ = {isa = PBXBuildFile; fileRef = 60E187F52CC94EC800D4A616 /* SceneDelegate.swift */; };
		60E187FB2CC94EC800D4A616 /* Base in Resources */ = {isa = PBXBuildFile; fileRef = 60E187FA2CC94EC800D4A616 /* Base */; };
		60E187FD2CC94EC900D4A616 /* Assets.xcassets in Resources */ = {isa = PBXBuildFile; fileRef = 60E187FC2CC94EC900D4A616 /* Assets.xcassets */; };
		60E188002CC94EC900D4A616 /* Base in Resources */ = {isa = PBXBuildFile; fileRef = 60E187FF2CC94EC900D4A616 /* Base */; };
/* End PBXBuildFile section */

/* Begin PBXFileReference section */
		605E97902CDABD65006C5D6E /* ViewController.swift */ = {isa = PBXFileReference; fileEncoding = 4; lastKnownFileType = sourcecode.swift; path = ViewController.swift; sourceTree = "<group>"; };
		605E97992CDABDD6006C5D6E /* LoginViewController.swift */ = {isa = PBXFileReference; lastKnownFileType = sourcecode.swift; path = LoginViewController.swift; sourceTree = "<group>"; };
		605E979B2CDABDE6006C5D6E /* LoginView.swift */ = {isa = PBXFileReference; lastKnownFileType = sourcecode.swift; path = LoginView.swift; sourceTree = "<group>"; };
		605E97A42CDAE724006C5D6E /* MainScreenView.swift */ = {isa = PBXFileReference; lastKnownFileType = sourcecode.swift; path = MainScreenView.swift; sourceTree = "<group>"; };
		605E97A72CDAE7C3006C5D6E /* RegisterView.swift */ = {isa = PBXFileReference; lastKnownFileType = sourcecode.swift; path = RegisterView.swift; sourceTree = "<group>"; };
		605E97A92CDAE7D1006C5D6E /* RegisterViewController.swift */ = {isa = PBXFileReference; lastKnownFileType = sourcecode.swift; path = RegisterViewController.swift; sourceTree = "<group>"; };
		605E97AC2CDAE827006C5D6E /* ProgressSpinnerViewController.swift */ = {isa = PBXFileReference; lastKnownFileType = sourcecode.swift; path = ProgressSpinnerViewController.swift; sourceTree = "<group>"; };
		605E97AE2CDAE837006C5D6E /* ProgressSpinnerDelegate.swift */ = {isa = PBXFileReference; lastKnownFileType = sourcecode.swift; path = ProgressSpinnerDelegate.swift; sourceTree = "<group>"; };
		605E97B22CDAEA7B006C5D6E /* GoogleService-Info.plist */ = {isa = PBXFileReference; fileEncoding = 4; lastKnownFileType = text.plist.xml; path = "GoogleService-Info.plist"; sourceTree = "<group>"; };
		60A4DAFD2CDBFC87007A897E /* ProfileViewController.swift */ = {isa = PBXFileReference; lastKnownFileType = sourcecode.swift; path = ProfileViewController.swift; sourceTree = "<group>"; };
		60A4DAFF2CDBFCA2007A897E /* ProfileView.swift */ = {isa = PBXFileReference; lastKnownFileType = sourcecode.swift; path = ProfileView.swift; sourceTree = "<group>"; };
		60A4DB022CDBFCEF007A897E /* ChatView.swift */ = {isa = PBXFileReference; lastKnownFileType = sourcecode.swift; path = ChatView.swift; sourceTree = "<group>"; };
		60A4DB042CDBFD02007A897E /* ChatViewController.swift */ = {isa = PBXFileReference; lastKnownFileType = sourcecode.swift; path = ChatViewController.swift; sourceTree = "<group>"; };
		60A4DB0C2CDC0C7C007A897E /* MainScreenViewController.swift */ = {isa = PBXFileReference; lastKnownFileType = sourcecode.swift; path = MainScreenViewController.swift; sourceTree = "<group>"; };
		60E187F02CC94EC800D4A616 /* Sports Meetup App.app */ = {isa = PBXFileReference; explicitFileType = wrapper.application; includeInIndex = 0; path = "Sports Meetup App.app"; sourceTree = BUILT_PRODUCTS_DIR; };
		60E187F32CC94EC800D4A616 /* AppDelegate.swift */ = {isa = PBXFileReference; lastKnownFileType = sourcecode.swift; path = AppDelegate.swift; sourceTree = "<group>"; };
		60E187F52CC94EC800D4A616 /* SceneDelegate.swift */ = {isa = PBXFileReference; lastKnownFileType = sourcecode.swift; path = SceneDelegate.swift; sourceTree = "<group>"; };
		60E187FA2CC94EC800D4A616 /* Base */ = {isa = PBXFileReference; lastKnownFileType = file.storyboard; name = Base; path = Base.lproj/Main.storyboard; sourceTree = "<group>"; };
		60E187FC2CC94EC900D4A616 /* Assets.xcassets */ = {isa = PBXFileReference; lastKnownFileType = folder.assetcatalog; path = Assets.xcassets; sourceTree = "<group>"; };
		60E187FF2CC94EC900D4A616 /* Base */ = {isa = PBXFileReference; lastKnownFileType = file.storyboard; name = Base; path = Base.lproj/LaunchScreen.storyboard; sourceTree = "<group>"; };
		60E188012CC94EC900D4A616 /* Info.plist */ = {isa = PBXFileReference; lastKnownFileType = text.plist.xml; path = Info.plist; sourceTree = "<group>"; };
/* End PBXFileReference section */

/* Begin PBXFrameworksBuildPhase section */
		60E187ED2CC94EC800D4A616 /* Frameworks */ = {
			isa = PBXFrameworksBuildPhase;
			buildActionMask = 2147483647;
			files = (
				605E979F2CDAE677006C5D6E /* FirebaseAuth in Frameworks */,
				605E97A12CDAE677006C5D6E /* FirebaseFirestore in Frameworks */,
				605E97A32CDAE677006C5D6E /* FirebaseStorage in Frameworks */,
			);
			runOnlyForDeploymentPostprocessing = 0;
		};
/* End PBXFrameworksBuildPhase section */

/* Begin PBXGroup section */
		605E978F2CDABD52006C5D6E /* Main Screen */ = {
			isa = PBXGroup;
			children = (
				605E97902CDABD65006C5D6E /* ViewController.swift */,
				605E97A42CDAE724006C5D6E /* MainScreenView.swift */,
				60A4DB0C2CDC0C7C007A897E /* MainScreenViewController.swift */,
			);
			path = "Main Screen";
			sourceTree = "<group>";
		};
		605E97942CDABDAB006C5D6E /* Login Screen */ = {
			isa = PBXGroup;
			children = (
				605E97992CDABDD6006C5D6E /* LoginViewController.swift */,
				605E979B2CDABDE6006C5D6E /* LoginView.swift */,
			);
			path = "Login Screen";
			sourceTree = "<group>";
		};
		605E97A62CDAE7B0006C5D6E /* Register Screen */ = {
			isa = PBXGroup;
			children = (
				605E97A72CDAE7C3006C5D6E /* RegisterView.swift */,
				605E97A92CDAE7D1006C5D6E /* RegisterViewController.swift */,
			);
			path = "Register Screen";
			sourceTree = "<group>";
		};
		605E97AB2CDAE802006C5D6E /* Progress Indicator */ = {
			isa = PBXGroup;
			children = (
				605E97AC2CDAE827006C5D6E /* ProgressSpinnerViewController.swift */,
				605E97AE2CDAE837006C5D6E /* ProgressSpinnerDelegate.swift */,
			);
			path = "Progress Indicator";
			sourceTree = "<group>";
		};
		60A4DAFC2CDBFC72007A897E /* Profile Screen */ = {
			isa = PBXGroup;
			children = (
				60A4DAFD2CDBFC87007A897E /* ProfileViewController.swift */,
				60A4DAFF2CDBFCA2007A897E /* ProfileView.swift */,
			);
			path = "Profile Screen";
			sourceTree = "<group>";
		};
		60A4DB012CDBFCB8007A897E /* Chat Screen */ = {
			isa = PBXGroup;
			children = (
				60A4DB022CDBFCEF007A897E /* ChatView.swift */,
				60A4DB042CDBFD02007A897E /* ChatViewController.swift */,
			);
			path = "Chat Screen";
			sourceTree = "<group>";
		};
		60E187E72CC94EC800D4A616 = {
			isa = PBXGroup;
			children = (
				60E187F22CC94EC800D4A616 /* Sports Meetup App */,
				60E187F12CC94EC800D4A616 /* Products */,
			);
			sourceTree = "<group>";
		};
		60E187F12CC94EC800D4A616 /* Products */ = {
			isa = PBXGroup;
			children = (
				60E187F02CC94EC800D4A616 /* Sports Meetup App.app */,
			);
			name = Products;
			sourceTree = "<group>";
		};
		60E187F22CC94EC800D4A616 /* Sports Meetup App */ = {
			isa = PBXGroup;
			children = (
				60A4DB012CDBFCB8007A897E /* Chat Screen */,
				60A4DAFC2CDBFC72007A897E /* Profile Screen */,
				605E97AB2CDAE802006C5D6E /* Progress Indicator */,
				605E97A62CDAE7B0006C5D6E /* Register Screen */,
				605E97942CDABDAB006C5D6E /* Login Screen */,
				605E978F2CDABD52006C5D6E /* Main Screen */,
				60E187F32CC94EC800D4A616 /* AppDelegate.swift */,
				60E187F52CC94EC800D4A616 /* SceneDelegate.swift */,
				60E187F92CC94EC800D4A616 /* Main.storyboard */,
				60E187FC2CC94EC900D4A616 /* Assets.xcassets */,
				60E187FE2CC94EC900D4A616 /* LaunchScreen.storyboard */,
				60E188012CC94EC900D4A616 /* Info.plist */,
				605E97B22CDAEA7B006C5D6E /* GoogleService-Info.plist */,
			);
			path = "Sports Meetup App";
			sourceTree = "<group>";
		};
/* End PBXGroup section */

/* Begin PBXNativeTarget section */
		60E187EF2CC94EC800D4A616 /* Sports Meetup App */ = {
			isa = PBXNativeTarget;
			buildConfigurationList = 60E188042CC94EC900D4A616 /* Build configuration list for PBXNativeTarget "Sports Meetup App" */;
			buildPhases = (
				60E187EC2CC94EC800D4A616 /* Sources */,
				60E187ED2CC94EC800D4A616 /* Frameworks */,
				60E187EE2CC94EC800D4A616 /* Resources */,
			);
			buildRules = (
			);
			dependencies = (
			);
			name = "Sports Meetup App";
			packageProductDependencies = (
				605E979E2CDAE677006C5D6E /* FirebaseAuth */,
				605E97A02CDAE677006C5D6E /* FirebaseFirestore */,
				605E97A22CDAE677006C5D6E /* FirebaseStorage */,
			);
			productName = "Sports Meetup App";
			productReference = 60E187F02CC94EC800D4A616 /* Sports Meetup App.app */;
			productType = "com.apple.product-type.application";
		};
/* End PBXNativeTarget section */

/* Begin PBXProject section */
		60E187E82CC94EC800D4A616 /* Project object */ = {
			isa = PBXProject;
			attributes = {
				BuildIndependentTargetsInParallel = 1;
				LastSwiftUpdateCheck = 1540;
				LastUpgradeCheck = 1540;
				TargetAttributes = {
					60E187EF2CC94EC800D4A616 = {
						CreatedOnToolsVersion = 15.4;
					};
				};
			};
			buildConfigurationList = 60E187EB2CC94EC800D4A616 /* Build configuration list for PBXProject "Sports Meetup App" */;
			compatibilityVersion = "Xcode 14.0";
			developmentRegion = en;
			hasScannedForEncodings = 0;
			knownRegions = (
				en,
				Base,
			);
			mainGroup = 60E187E72CC94EC800D4A616;
			packageReferences = (
				605E979D2CDAE677006C5D6E /* XCRemoteSwiftPackageReference "firebase-ios-sdk" */,
			);
			productRefGroup = 60E187F12CC94EC800D4A616 /* Products */;
			projectDirPath = "";
			projectRoot = "";
			targets = (
				60E187EF2CC94EC800D4A616 /* Sports Meetup App */,
			);
		};
/* End PBXProject section */

/* Begin PBXResourcesBuildPhase section */
		60E187EE2CC94EC800D4A616 /* Resources */ = {
			isa = PBXResourcesBuildPhase;
			buildActionMask = 2147483647;
			files = (
				60E187FD2CC94EC900D4A616 /* Assets.xcassets in Resources */,
				605E97B32CDAEA7B006C5D6E /* GoogleService-Info.plist in Resources */,
				60E188002CC94EC900D4A616 /* Base in Resources */,
				60E187FB2CC94EC800D4A616 /* Base in Resources */,
			);
			runOnlyForDeploymentPostprocessing = 0;
		};
/* End PBXResourcesBuildPhase section */

/* Begin PBXSourcesBuildPhase section */
		60E187EC2CC94EC800D4A616 /* Sources */ = {
			isa = PBXSourcesBuildPhase;
			buildActionMask = 2147483647;
			files = (
				605E97A82CDAE7C3006C5D6E /* RegisterView.swift in Sources */,
				605E97AA2CDAE7D1006C5D6E /* RegisterViewController.swift in Sources */,
				60A4DB052CDBFD02007A897E /* ChatViewController.swift in Sources */,
				605E979A2CDABDD6006C5D6E /* LoginViewController.swift in Sources */,
				605E97912CDABD65006C5D6E /* ViewController.swift in Sources */,
				60A4DB0D2CDC0C7C007A897E /* MainScreenViewController.swift in Sources */,
				60E187F42CC94EC800D4A616 /* AppDelegate.swift in Sources */,
				60A4DB032CDBFCEF007A897E /* ChatView.swift in Sources */,
				605E97AF2CDAE837006C5D6E /* ProgressSpinnerDelegate.swift in Sources */,
				605E97AD2CDAE827006C5D6E /* ProgressSpinnerViewController.swift in Sources */,
				60E187F62CC94EC800D4A616 /* SceneDelegate.swift in Sources */,
				60A4DAFE2CDBFC87007A897E /* ProfileViewController.swift in Sources */,
				605E979C2CDABDE6006C5D6E /* LoginView.swift in Sources */,
				60A4DB002CDBFCA2007A897E /* ProfileView.swift in Sources */,
				605E97A52CDAE724006C5D6E /* MainScreenView.swift in Sources */,
			);
			runOnlyForDeploymentPostprocessing = 0;
		};
/* End PBXSourcesBuildPhase section */

/* Begin PBXVariantGroup section */
		60E187F92CC94EC800D4A616 /* Main.storyboard */ = {
			isa = PBXVariantGroup;
			children = (
				60E187FA2CC94EC800D4A616 /* Base */,
			);
			name = Main.storyboard;
			sourceTree = "<group>";
		};
		60E187FE2CC94EC900D4A616 /* LaunchScreen.storyboard */ = {
			isa = PBXVariantGroup;
			children = (
				60E187FF2CC94EC900D4A616 /* Base */,
			);
			name = LaunchScreen.storyboard;
			sourceTree = "<group>";
		};
/* End PBXVariantGroup section */

/* Begin XCBuildConfiguration section */
		60E188022CC94EC900D4A616 /* Debug */ = {
			isa = XCBuildConfiguration;
			buildSettings = {
				ALWAYS_SEARCH_USER_PATHS = NO;
				ASSETCATALOG_COMPILER_GENERATE_SWIFT_ASSET_SYMBOL_EXTENSIONS = YES;
				CLANG_ANALYZER_NONNULL = YES;
				CLANG_ANALYZER_NUMBER_OBJECT_CONVERSION = YES_AGGRESSIVE;
				CLANG_CXX_LANGUAGE_STANDARD = "gnu++20";
				CLANG_ENABLE_MODULES = YES;
				CLANG_ENABLE_OBJC_ARC = YES;
				CLANG_ENABLE_OBJC_WEAK = YES;
				CLANG_WARN_BLOCK_CAPTURE_AUTORELEASING = YES;
				CLANG_WARN_BOOL_CONVERSION = YES;
				CLANG_WARN_COMMA = YES;
				CLANG_WARN_CONSTANT_CONVERSION = YES;
				CLANG_WARN_DEPRECATED_OBJC_IMPLEMENTATIONS = YES;
				CLANG_WARN_DIRECT_OBJC_ISA_USAGE = YES_ERROR;
				CLANG_WARN_DOCUMENTATION_COMMENTS = YES;
				CLANG_WARN_EMPTY_BODY = YES;
				CLANG_WARN_ENUM_CONVERSION = YES;
				CLANG_WARN_INFINITE_RECURSION = YES;
				CLANG_WARN_INT_CONVERSION = YES;
				CLANG_WARN_NON_LITERAL_NULL_CONVERSION = YES;
				CLANG_WARN_OBJC_IMPLICIT_RETAIN_SELF = YES;
				CLANG_WARN_OBJC_LITERAL_CONVERSION = YES;
				CLANG_WARN_OBJC_ROOT_CLASS = YES_ERROR;
				CLANG_WARN_QUOTED_INCLUDE_IN_FRAMEWORK_HEADER = YES;
				CLANG_WARN_RANGE_LOOP_ANALYSIS = YES;
				CLANG_WARN_STRICT_PROTOTYPES = YES;
				CLANG_WARN_SUSPICIOUS_MOVE = YES;
				CLANG_WARN_UNGUARDED_AVAILABILITY = YES_AGGRESSIVE;
				CLANG_WARN_UNREACHABLE_CODE = YES;
				CLANG_WARN__DUPLICATE_METHOD_MATCH = YES;
				COPY_PHASE_STRIP = NO;
				DEBUG_INFORMATION_FORMAT = dwarf;
				ENABLE_STRICT_OBJC_MSGSEND = YES;
				ENABLE_TESTABILITY = YES;
				ENABLE_USER_SCRIPT_SANDBOXING = YES;
				GCC_C_LANGUAGE_STANDARD = gnu17;
				GCC_DYNAMIC_NO_PIC = NO;
				GCC_NO_COMMON_BLOCKS = YES;
				GCC_OPTIMIZATION_LEVEL = 0;
				GCC_PREPROCESSOR_DEFINITIONS = (
					"DEBUG=1",
					"$(inherited)",
				);
				GCC_WARN_64_TO_32_BIT_CONVERSION = YES;
				GCC_WARN_ABOUT_RETURN_TYPE = YES_ERROR;
				GCC_WARN_UNDECLARED_SELECTOR = YES;
				GCC_WARN_UNINITIALIZED_AUTOS = YES_AGGRESSIVE;
				GCC_WARN_UNUSED_FUNCTION = YES;
				GCC_WARN_UNUSED_VARIABLE = YES;
				IPHONEOS_DEPLOYMENT_TARGET = 17.5;
				LOCALIZATION_PREFERS_STRING_CATALOGS = YES;
				MTL_ENABLE_DEBUG_INFO = INCLUDE_SOURCE;
				MTL_FAST_MATH = YES;
				ONLY_ACTIVE_ARCH = YES;
				SDKROOT = iphoneos;
				SWIFT_ACTIVE_COMPILATION_CONDITIONS = "DEBUG $(inherited)";
				SWIFT_OPTIMIZATION_LEVEL = "-Onone";
			};
			name = Debug;
		};
		60E188032CC94EC900D4A616 /* Release */ = {
			isa = XCBuildConfiguration;
			buildSettings = {
				ALWAYS_SEARCH_USER_PATHS = NO;
				ASSETCATALOG_COMPILER_GENERATE_SWIFT_ASSET_SYMBOL_EXTENSIONS = YES;
				CLANG_ANALYZER_NONNULL = YES;
				CLANG_ANALYZER_NUMBER_OBJECT_CONVERSION = YES_AGGRESSIVE;
				CLANG_CXX_LANGUAGE_STANDARD = "gnu++20";
				CLANG_ENABLE_MODULES = YES;
				CLANG_ENABLE_OBJC_ARC = YES;
				CLANG_ENABLE_OBJC_WEAK = YES;
				CLANG_WARN_BLOCK_CAPTURE_AUTORELEASING = YES;
				CLANG_WARN_BOOL_CONVERSION = YES;
				CLANG_WARN_COMMA = YES;
				CLANG_WARN_CONSTANT_CONVERSION = YES;
				CLANG_WARN_DEPRECATED_OBJC_IMPLEMENTATIONS = YES;
				CLANG_WARN_DIRECT_OBJC_ISA_USAGE = YES_ERROR;
				CLANG_WARN_DOCUMENTATION_COMMENTS = YES;
				CLANG_WARN_EMPTY_BODY = YES;
				CLANG_WARN_ENUM_CONVERSION = YES;
				CLANG_WARN_INFINITE_RECURSION = YES;
				CLANG_WARN_INT_CONVERSION = YES;
				CLANG_WARN_NON_LITERAL_NULL_CONVERSION = YES;
				CLANG_WARN_OBJC_IMPLICIT_RETAIN_SELF = YES;
				CLANG_WARN_OBJC_LITERAL_CONVERSION = YES;
				CLANG_WARN_OBJC_ROOT_CLASS = YES_ERROR;
				CLANG_WARN_QUOTED_INCLUDE_IN_FRAMEWORK_HEADER = YES;
				CLANG_WARN_RANGE_LOOP_ANALYSIS = YES;
				CLANG_WARN_STRICT_PROTOTYPES = YES;
				CLANG_WARN_SUSPICIOUS_MOVE = YES;
				CLANG_WARN_UNGUARDED_AVAILABILITY = YES_AGGRESSIVE;
				CLANG_WARN_UNREACHABLE_CODE = YES;
				CLANG_WARN__DUPLICATE_METHOD_MATCH = YES;
				COPY_PHASE_STRIP = NO;
				DEBUG_INFORMATION_FORMAT = "dwarf-with-dsym";
				ENABLE_NS_ASSERTIONS = NO;
				ENABLE_STRICT_OBJC_MSGSEND = YES;
				ENABLE_USER_SCRIPT_SANDBOXING = YES;
				GCC_C_LANGUAGE_STANDARD = gnu17;
				GCC_NO_COMMON_BLOCKS = YES;
				GCC_WARN_64_TO_32_BIT_CONVERSION = YES;
				GCC_WARN_ABOUT_RETURN_TYPE = YES_ERROR;
				GCC_WARN_UNDECLARED_SELECTOR = YES;
				GCC_WARN_UNINITIALIZED_AUTOS = YES_AGGRESSIVE;
				GCC_WARN_UNUSED_FUNCTION = YES;
				GCC_WARN_UNUSED_VARIABLE = YES;
				IPHONEOS_DEPLOYMENT_TARGET = 17.5;
				LOCALIZATION_PREFERS_STRING_CATALOGS = YES;
				MTL_ENABLE_DEBUG_INFO = NO;
				MTL_FAST_MATH = YES;
				SDKROOT = iphoneos;
				SWIFT_COMPILATION_MODE = wholemodule;
				VALIDATE_PRODUCT = YES;
			};
			name = Release;
		};
		60E188052CC94EC900D4A616 /* Debug */ = {
			isa = XCBuildConfiguration;
			buildSettings = {
				ASSETCATALOG_COMPILER_APPICON_NAME = AppIcon;
				ASSETCATALOG_COMPILER_GLOBAL_ACCENT_COLOR_NAME = AccentColor;
				CODE_SIGN_STYLE = Automatic;
				CURRENT_PROJECT_VERSION = 1;
				DEVELOPMENT_TEAM = JWF82944H3;
				GENERATE_INFOPLIST_FILE = YES;
				INFOPLIST_FILE = "Sports Meetup App/Info.plist";
				INFOPLIST_KEY_UIApplicationSupportsIndirectInputEvents = YES;
				INFOPLIST_KEY_UILaunchStoryboardName = LaunchScreen;
				INFOPLIST_KEY_UIMainStoryboardFile = Main;
				INFOPLIST_KEY_UISupportedInterfaceOrientations_iPad = "UIInterfaceOrientationPortrait UIInterfaceOrientationPortraitUpsideDown UIInterfaceOrientationLandscapeLeft UIInterfaceOrientationLandscapeRight";
				INFOPLIST_KEY_UISupportedInterfaceOrientations_iPhone = "UIInterfaceOrientationPortrait UIInterfaceOrientationLandscapeLeft UIInterfaceOrientationLandscapeRight";
				LD_RUNPATH_SEARCH_PATHS = (
					"$(inherited)",
					"@executable_path/Frameworks",
				);
				MARKETING_VERSION = 1.0;
				PRODUCT_BUNDLE_IDENTIFIER = "com.nuios.Sports-Meetup-App";
				PRODUCT_NAME = "$(TARGET_NAME)";
				SWIFT_EMIT_LOC_STRINGS = YES;
				SWIFT_VERSION = 5.0;
				TARGETED_DEVICE_FAMILY = "1,2";
			};
			name = Debug;
		};
		60E188062CC94EC900D4A616 /* Release */ = {
			isa = XCBuildConfiguration;
			buildSettings = {
				ASSETCATALOG_COMPILER_APPICON_NAME = AppIcon;
				ASSETCATALOG_COMPILER_GLOBAL_ACCENT_COLOR_NAME = AccentColor;
				CODE_SIGN_STYLE = Automatic;
				CURRENT_PROJECT_VERSION = 1;
				DEVELOPMENT_TEAM = JWF82944H3;
				GENERATE_INFOPLIST_FILE = YES;
				INFOPLIST_FILE = "Sports Meetup App/Info.plist";
				INFOPLIST_KEY_UIApplicationSupportsIndirectInputEvents = YES;
				INFOPLIST_KEY_UILaunchStoryboardName = LaunchScreen;
				INFOPLIST_KEY_UIMainStoryboardFile = Main;
				INFOPLIST_KEY_UISupportedInterfaceOrientations_iPad = "UIInterfaceOrientationPortrait UIInterfaceOrientationPortraitUpsideDown UIInterfaceOrientationLandscapeLeft UIInterfaceOrientationLandscapeRight";
				INFOPLIST_KEY_UISupportedInterfaceOrientations_iPhone = "UIInterfaceOrientationPortrait UIInterfaceOrientationLandscapeLeft UIInterfaceOrientationLandscapeRight";
				LD_RUNPATH_SEARCH_PATHS = (
					"$(inherited)",
					"@executable_path/Frameworks",
				);
				MARKETING_VERSION = 1.0;
				PRODUCT_BUNDLE_IDENTIFIER = "com.nuios.Sports-Meetup-App";
				PRODUCT_NAME = "$(TARGET_NAME)";
				SWIFT_EMIT_LOC_STRINGS = YES;
				SWIFT_VERSION = 5.0;
				TARGETED_DEVICE_FAMILY = "1,2";
			};
			name = Release;
		};
/* End XCBuildConfiguration section */

/* Begin XCConfigurationList section */
		60E187EB2CC94EC800D4A616 /* Build configuration list for PBXProject "Sports Meetup App" */ = {
			isa = XCConfigurationList;
			buildConfigurations = (
				60E188022CC94EC900D4A616 /* Debug */,
				60E188032CC94EC900D4A616 /* Release */,
			);
			defaultConfigurationIsVisible = 0;
			defaultConfigurationName = Release;
		};
		60E188042CC94EC900D4A616 /* Build configuration list for PBXNativeTarget "Sports Meetup App" */ = {
			isa = XCConfigurationList;
			buildConfigurations = (
				60E188052CC94EC900D4A616 /* Debug */,
				60E188062CC94EC900D4A616 /* Release */,
			);
			defaultConfigurationIsVisible = 0;
			defaultConfigurationName = Release;
		};
/* End XCConfigurationList section */

/* Begin XCRemoteSwiftPackageReference section */
		605E979D2CDAE677006C5D6E /* XCRemoteSwiftPackageReference "firebase-ios-sdk" */ = {
			isa = XCRemoteSwiftPackageReference;
			repositoryURL = "https://github.com/firebase/firebase-ios-sdk";
			requirement = {
				kind = upToNextMajorVersion;
				minimumVersion = 11.4.0;
			};
		};
/* End XCRemoteSwiftPackageReference section */

/* Begin XCSwiftPackageProductDependency section */
		605E979E2CDAE677006C5D6E /* FirebaseAuth */ = {
			isa = XCSwiftPackageProductDependency;
			package = 605E979D2CDAE677006C5D6E /* XCRemoteSwiftPackageReference "firebase-ios-sdk" */;
			productName = FirebaseAuth;
		};
		605E97A02CDAE677006C5D6E /* FirebaseFirestore */ = {
			isa = XCSwiftPackageProductDependency;
			package = 605E979D2CDAE677006C5D6E /* XCRemoteSwiftPackageReference "firebase-ios-sdk" */;
			productName = FirebaseFirestore;
		};
		605E97A22CDAE677006C5D6E /* FirebaseStorage */ = {
			isa = XCSwiftPackageProductDependency;
			package = 605E979D2CDAE677006C5D6E /* XCRemoteSwiftPackageReference "firebase-ios-sdk" */;
			productName = FirebaseStorage;
		};
/* End XCSwiftPackageProductDependency section */
	};
	rootObject = 60E187E82CC94EC800D4A616 /* Project object */;
}
